{
  "object": {
    "pins": [
      {
        "package": "FunctionalSwift",
        "repositoryURL": "https://github.com/wesmatlock/FunctionalSwift",
        "state": {
          "branch": null,
          "revision": "5217e3019daa2c9b59d43f06bc2e2d55c9395030",
          "version": "0.0.3"
        }
      }
    ]
  },
  "version": 1
}
