{
  "object": {
    "pins": [
      {
        "package": "FunctionalSwift",
        "repositoryURL": "https://github.com/wesmatlock/FunctionalSwift",
        "state": {
          "branch": "main",
          "revision": "01feb282deb39fca6cfa3a362f8c11a5cd9e6556",
          "version": null
        }
      }
    ]
  },
  "version": 1
}
